
Microsoft Visual Studio Solution File, Format Version 12.00
# Visual Studio Version 17
VisualStudioVersion = 17.6.33829.357
MinimumVisualStudioVersion = 10.0.40219.1
Project("{FAE04EC0-301F-11D3-BF4B-00C04F79EFBC}") = "PasswordFieldHTMLHelperInCoreMvc", "PasswordFieldHTMLHelperInCoreMvc\PasswordFieldHTMLHelperInCoreMvc.csproj", "{CE1781DD-E7E6-4F42-8D76-8E25EFF58236}"
EndProject
Global
	GlobalSection(SolutionConfigurationPlatforms) = preSolution
		Debug|Any CPU = Debug|Any CPU
		Release|Any CPU = Release|Any CPU
	EndGlobalSection
	GlobalSection(ProjectConfigurationPlatforms) = postSolution
		{CE1781DD-E7E6-4F42-8D76-8E25EFF58236}.Debug|Any CPU.ActiveCfg = Debug|Any CPU
		{CE1781DD-E7E6-4F42-8D76-8E25EFF58236}.Debug|Any CPU.Build.0 = Debug|Any CPU
		{CE1781DD-E7E6-4F42-8D76-8E25EFF58236}.Release|Any CPU.ActiveCfg = Release|Any CPU
		{CE1781DD-E7E6-4F42-8D76-8E25EFF58236}.Release|Any CPU.Build.0 = Release|Any CPU
	EndGlobalSection
	GlobalSection(SolutionProperties) = preSolution
		HideSolutionNode = FALSE
	EndGlobalSection
	GlobalSection(ExtensibilityGlobals) = postSolution
		SolutionGuid = {683D0835-4B59-4136-9A86-B07E01271922}
	EndGlobalSection
EndGlobal
